# This file is automatically @generated by Cargo.
# It is not intended for manual editing.
version = 4

[[package]]
name = "adder"
version = "0.1.0"

[[package]]
name = "advancefeatures"
version = "0.1.0"

[[package]]
name = "chapters"
version = "0.1.0"

[[package]]
name = "collections"
version = "0.1.0"

[[package]]
name = "concurrency"
version = "0.1.0"

[[package]]
name = "drop"
version = "0.1.0"

[[package]]
name = "functionallaguage"
version = "0.1.0"

[[package]]
name = "hello"
version = "0.1.0"

[[package]]
name = "hello_"
version = "0.1.0"

[[package]]
name = "minigrep"
version = "0.1.0"

[[package]]
name = "oop"
version = "0.1.0"

[[package]]
name = "patterns"
version = "0.1.0"

[[package]]
name = "pointers"
version = "0.1.0"

[[package]]
name = "practices"
version = "0.1.0"

[[package]]
name = "stdworkspace"
version = "0.1.0"

[[package]]
name = "string"
version = "0.1.0"
